
Microsoft Visual Studio Solution File, Format Version 12.00
# Visual Studio Version 17
VisualStudioVersion = 17.1.31911.260
MinimumVisualStudioVersion = 10.0.40219.1
Project("{2150E333-8FDC-42A3-9474-1A3956D46DE8}") = "Core", "Core", "{138A4E54-6ECE-40DF-8C0E-CD0905B4563D}"
EndProject
Project("{9A19103F-16F7-4668-BE54-9A1E7A4F7556}") = "EmpowerID.Core", "src\Core\EmpowerID.Core\EmpowerID.Core.csproj", "{1F4E7EE9-95C2-4C02-B894-48F73095450B}"
EndProject
Project("{2150E333-8FDC-42A3-9474-1A3956D46DE8}") = "Services", "Services", "{8E46C76D-A0A4-4384-ABA5-77983DE839B4}"
EndProject
Project("{9A19103F-16F7-4668-BE54-9A1E7A4F7556}") = "EmpowerID.IdentityServer", "src\Identity\EmpowerID.IdentityServer\EmpowerID.IdentityServer.csproj", "{FC3A425C-085B-4A95-B8D9-70E40E729EE2}"
EndProject
Project("{9A19103F-16F7-4668-BE54-9A1E7A4F7556}") = "EmpowerID.ApiGateway", "src\Gateway\EmpowerID.ApiGateway\EmpowerID.ApiGateway.csproj", "{79126725-FC1F-4B6E-BC79-7EC37B7AB665}"
EndProject
Project("{9A19103F-16F7-4668-BE54-9A1E7A4F7556}") = "EmpowerID.Core.Infrastructure", "src\Core\EmpowerID.Core.Infrastructure\EmpowerID.Core.Infrastructure.csproj", "{B9A1AC49-85F7-4D2A-A995-F861E586A6BF}"
EndProject
Project("{E53339B2-1760-4266-BCC7-CA923CBCF16C}") = "docker-compose", "docker-compose.dcproj", "{9A7392E9-3ACA-4A70-BDAB-45DD99F14FE4}"
EndProject
Project("{9A19103F-16F7-4668-BE54-9A1E7A4F7556}") = "EmpowerID.Core.Tests", "src\Core\EmpowerID.Core.Tests\EmpowerID.Core.Tests.csproj", "{C6E88E04-469C-43BC-BFD1-E09E29BC2C10}"
EndProject
Project("{9A19103F-16F7-4668-BE54-9A1E7A4F7556}") = "EmpowerID.Core.Infrastructure.Tests", "src\Core\EmpowerID.Core.Infrastructure.Tests\EmpowerID.Core.Infrastructure.Tests.csproj", "{A3410852-F756-4ADA-BFCF-3168B06B3531}"
EndProject
Project("{2150E333-8FDC-42A3-9474-1A3956D46DE8}") = "Identity", "Identity", "{27FEF0A4-337F-493F-8EB1-AEB808893C6F}"
EndProject
Project("{2150E333-8FDC-42A3-9474-1A3956D46DE8}") = "Gateway", "Gateway", "{B501EA53-330A-4AA0-82B4-20243A92363C}"
EndProject
Project("{2150E333-8FDC-42A3-9474-1A3956D46DE8}") = "EmpowerID.Posts", "EmpowerID.Posts", "{FAA90516-061F-489E-A910-F0251998C0AB}"
EndProject
Project("{2150E333-8FDC-42A3-9474-1A3956D46DE8}") = "EmpowerID.Posts.Tests", "EmpowerID.Posts.Tests", "{C56C1CCA-B75A-48B9-AA96-F6D601151FF8}"
EndProject
Project("{9A19103F-16F7-4668-BE54-9A1E7A4F7556}") = "EmpowerID.Posts", "src\Services\EmpowerID.Posts\EmpowerID.Posts.csproj", "{664507E2-3EA1-453E-A721-7AA3012FB30B}"
EndProject
Project("{9A19103F-16F7-4668-BE54-9A1E7A4F7556}") = "EmpowerID.Posts.Tests", "src\Services\EmpowerID.Posts.Tests\EmpowerID.Posts.Tests.csproj", "{E933558B-4CD5-4EDE-AE38-E215E0797D9D}"
EndProject
Project("{2150E333-8FDC-42A3-9474-1A3956D46DE8}") = "EmpowerID.UserManagement", "EmpowerID.UserManagement", "{73C6ABA3-805C-4181-B11F-FBBAE79C1709}"
EndProject
Project("{9A19103F-16F7-4668-BE54-9A1E7A4F7556}") = "EmpowerID.UserManagement", "src\Services\EmpowerID.UserManagement\EmpowerID.UserManagement.csproj", "{5A6E9843-E9A8-4D8F-8FBB-EBC3ED9FB643}"
EndProject
Project("{9A19103F-16F7-4668-BE54-9A1E7A4F7556}") = "EmpowerID.UserManagement.Tests", "src\Services\EmpowerID.UserManagement.Tests\EmpowerID.UserManagement.Tests.csproj", "{C38057D8-CC1F-4D87-B253-087C0BB659B7}"
EndProject
Global
	GlobalSection(SolutionConfigurationPlatforms) = preSolution
		Debug|Any CPU = Debug|Any CPU
		Debug|x64 = Debug|x64
		Release|Any CPU = Release|Any CPU
		Release|x64 = Release|x64
	EndGlobalSection
	GlobalSection(ProjectConfigurationPlatforms) = postSolution
		{1F4E7EE9-95C2-4C02-B894-48F73095450B}.Debug|Any CPU.ActiveCfg = Debug|Any CPU
		{1F4E7EE9-95C2-4C02-B894-48F73095450B}.Debug|Any CPU.Build.0 = Debug|Any CPU
		{1F4E7EE9-95C2-4C02-B894-48F73095450B}.Debug|x64.ActiveCfg = Debug|Any CPU
		{1F4E7EE9-95C2-4C02-B894-48F73095450B}.Debug|x64.Build.0 = Debug|Any CPU
		{1F4E7EE9-95C2-4C02-B894-48F73095450B}.Release|Any CPU.ActiveCfg = Release|Any CPU
		{1F4E7EE9-95C2-4C02-B894-48F73095450B}.Release|Any CPU.Build.0 = Release|Any CPU
		{1F4E7EE9-95C2-4C02-B894-48F73095450B}.Release|x64.ActiveCfg = Release|x64
		{1F4E7EE9-95C2-4C02-B894-48F73095450B}.Release|x64.Build.0 = Release|x64
		{FC3A425C-085B-4A95-B8D9-70E40E729EE2}.Debug|Any CPU.ActiveCfg = Debug|Any CPU
		{FC3A425C-085B-4A95-B8D9-70E40E729EE2}.Debug|Any CPU.Build.0 = Debug|Any CPU
		{FC3A425C-085B-4A95-B8D9-70E40E729EE2}.Debug|x64.ActiveCfg = Debug|Any CPU
		{FC3A425C-085B-4A95-B8D9-70E40E729EE2}.Debug|x64.Build.0 = Debug|Any CPU
		{FC3A425C-085B-4A95-B8D9-70E40E729EE2}.Release|Any CPU.ActiveCfg = Release|Any CPU
		{FC3A425C-085B-4A95-B8D9-70E40E729EE2}.Release|Any CPU.Build.0 = Release|Any CPU
		{FC3A425C-085B-4A95-B8D9-70E40E729EE2}.Release|x64.ActiveCfg = Release|Any CPU
		{FC3A425C-085B-4A95-B8D9-70E40E729EE2}.Release|x64.Build.0 = Release|Any CPU
		{79126725-FC1F-4B6E-BC79-7EC37B7AB665}.Debug|Any CPU.ActiveCfg = Debug|Any CPU
		{79126725-FC1F-4B6E-BC79-7EC37B7AB665}.Debug|Any CPU.Build.0 = Debug|Any CPU
		{79126725-FC1F-4B6E-BC79-7EC37B7AB665}.Debug|x64.ActiveCfg = Debug|x64
		{79126725-FC1F-4B6E-BC79-7EC37B7AB665}.Debug|x64.Build.0 = Debug|x64
		{79126725-FC1F-4B6E-BC79-7EC37B7AB665}.Release|Any CPU.ActiveCfg = Release|Any CPU
		{79126725-FC1F-4B6E-BC79-7EC37B7AB665}.Release|Any CPU.Build.0 = Release|Any CPU
		{79126725-FC1F-4B6E-BC79-7EC37B7AB665}.Release|x64.ActiveCfg = Release|x64
		{79126725-FC1F-4B6E-BC79-7EC37B7AB665}.Release|x64.Build.0 = Release|x64
		{B9A1AC49-85F7-4D2A-A995-F861E586A6BF}.Debug|Any CPU.ActiveCfg = Debug|Any CPU
		{B9A1AC49-85F7-4D2A-A995-F861E586A6BF}.Debug|Any CPU.Build.0 = Debug|Any CPU
		{B9A1AC49-85F7-4D2A-A995-F861E586A6BF}.Debug|x64.ActiveCfg = Debug|Any CPU
		{B9A1AC49-85F7-4D2A-A995-F861E586A6BF}.Debug|x64.Build.0 = Debug|Any CPU
		{B9A1AC49-85F7-4D2A-A995-F861E586A6BF}.Release|Any CPU.ActiveCfg = Release|Any CPU
		{B9A1AC49-85F7-4D2A-A995-F861E586A6BF}.Release|Any CPU.Build.0 = Release|Any CPU
		{B9A1AC49-85F7-4D2A-A995-F861E586A6BF}.Release|x64.ActiveCfg = Release|Any CPU
		{B9A1AC49-85F7-4D2A-A995-F861E586A6BF}.Release|x64.Build.0 = Release|Any CPU
		{9A7392E9-3ACA-4A70-BDAB-45DD99F14FE4}.Debug|Any CPU.ActiveCfg = Debug|Any CPU
		{9A7392E9-3ACA-4A70-BDAB-45DD99F14FE4}.Debug|Any CPU.Build.0 = Debug|Any CPU
		{9A7392E9-3ACA-4A70-BDAB-45DD99F14FE4}.Debug|x64.ActiveCfg = Debug|Any CPU
		{9A7392E9-3ACA-4A70-BDAB-45DD99F14FE4}.Debug|x64.Build.0 = Debug|Any CPU
		{9A7392E9-3ACA-4A70-BDAB-45DD99F14FE4}.Release|Any CPU.ActiveCfg = Release|Any CPU
		{9A7392E9-3ACA-4A70-BDAB-45DD99F14FE4}.Release|Any CPU.Build.0 = Release|Any CPU
		{9A7392E9-3ACA-4A70-BDAB-45DD99F14FE4}.Release|x64.ActiveCfg = Release|Any CPU
		{9A7392E9-3ACA-4A70-BDAB-45DD99F14FE4}.Release|x64.Build.0 = Release|Any CPU
		{C6E88E04-469C-43BC-BFD1-E09E29BC2C10}.Debug|Any CPU.ActiveCfg = Debug|Any CPU
		{C6E88E04-469C-43BC-BFD1-E09E29BC2C10}.Debug|Any CPU.Build.0 = Debug|Any CPU
		{C6E88E04-469C-43BC-BFD1-E09E29BC2C10}.Debug|x64.ActiveCfg = Debug|Any CPU
		{C6E88E04-469C-43BC-BFD1-E09E29BC2C10}.Debug|x64.Build.0 = Debug|Any CPU
		{C6E88E04-469C-43BC-BFD1-E09E29BC2C10}.Release|Any CPU.ActiveCfg = Release|Any CPU
		{C6E88E04-469C-43BC-BFD1-E09E29BC2C10}.Release|Any CPU.Build.0 = Release|Any CPU
		{C6E88E04-469C-43BC-BFD1-E09E29BC2C10}.Release|x64.ActiveCfg = Release|Any CPU
		{C6E88E04-469C-43BC-BFD1-E09E29BC2C10}.Release|x64.Build.0 = Release|Any CPU
		{A3410852-F756-4ADA-BFCF-3168B06B3531}.Debug|Any CPU.ActiveCfg = Debug|Any CPU
		{A3410852-F756-4ADA-BFCF-3168B06B3531}.Debug|Any CPU.Build.0 = Debug|Any CPU
		{A3410852-F756-4ADA-BFCF-3168B06B3531}.Debug|x64.ActiveCfg = Debug|Any CPU
		{A3410852-F756-4ADA-BFCF-3168B06B3531}.Debug|x64.Build.0 = Debug|Any CPU
		{A3410852-F756-4ADA-BFCF-3168B06B3531}.Release|Any CPU.ActiveCfg = Release|Any CPU
		{A3410852-F756-4ADA-BFCF-3168B06B3531}.Release|Any CPU.Build.0 = Release|Any CPU
		{A3410852-F756-4ADA-BFCF-3168B06B3531}.Release|x64.ActiveCfg = Release|Any CPU
		{A3410852-F756-4ADA-BFCF-3168B06B3531}.Release|x64.Build.0 = Release|Any CPU
		{664507E2-3EA1-453E-A721-7AA3012FB30B}.Debug|Any CPU.ActiveCfg = Debug|Any CPU
		{664507E2-3EA1-453E-A721-7AA3012FB30B}.Debug|Any CPU.Build.0 = Debug|Any CPU
		{664507E2-3EA1-453E-A721-7AA3012FB30B}.Debug|x64.ActiveCfg = Debug|x64
		{664507E2-3EA1-453E-A721-7AA3012FB30B}.Debug|x64.Build.0 = Debug|x64
		{664507E2-3EA1-453E-A721-7AA3012FB30B}.Release|Any CPU.ActiveCfg = Release|Any CPU
		{664507E2-3EA1-453E-A721-7AA3012FB30B}.Release|Any CPU.Build.0 = Release|Any CPU
		{664507E2-3EA1-453E-A721-7AA3012FB30B}.Release|x64.ActiveCfg = Release|x64
		{664507E2-3EA1-453E-A721-7AA3012FB30B}.Release|x64.Build.0 = Release|x64
		{E933558B-4CD5-4EDE-AE38-E215E0797D9D}.Debug|Any CPU.ActiveCfg = Debug|Any CPU
		{E933558B-4CD5-4EDE-AE38-E215E0797D9D}.Debug|Any CPU.Build.0 = Debug|Any CPU
		{E933558B-4CD5-4EDE-AE38-E215E0797D9D}.Debug|x64.ActiveCfg = Debug|Any CPU
		{E933558B-4CD5-4EDE-AE38-E215E0797D9D}.Debug|x64.Build.0 = Debug|Any CPU
		{E933558B-4CD5-4EDE-AE38-E215E0797D9D}.Release|Any CPU.ActiveCfg = Release|Any CPU
		{E933558B-4CD5-4EDE-AE38-E215E0797D9D}.Release|Any CPU.Build.0 = Release|Any CPU
		{E933558B-4CD5-4EDE-AE38-E215E0797D9D}.Release|x64.ActiveCfg = Release|Any CPU
		{E933558B-4CD5-4EDE-AE38-E215E0797D9D}.Release|x64.Build.0 = Release|Any CPU
		{5A6E9843-E9A8-4D8F-8FBB-EBC3ED9FB643}.Debug|Any CPU.ActiveCfg = Debug|Any CPU
		{5A6E9843-E9A8-4D8F-8FBB-EBC3ED9FB643}.Debug|Any CPU.Build.0 = Debug|Any CPU
		{5A6E9843-E9A8-4D8F-8FBB-EBC3ED9FB643}.Debug|x64.ActiveCfg = Debug|x64
		{5A6E9843-E9A8-4D8F-8FBB-EBC3ED9FB643}.Debug|x64.Build.0 = Debug|x64
		{5A6E9843-E9A8-4D8F-8FBB-EBC3ED9FB643}.Release|Any CPU.ActiveCfg = Release|Any CPU
		{5A6E9843-E9A8-4D8F-8FBB-EBC3ED9FB643}.Release|Any CPU.Build.0 = Release|Any CPU
		{5A6E9843-E9A8-4D8F-8FBB-EBC3ED9FB643}.Release|x64.ActiveCfg = Release|x64
		{5A6E9843-E9A8-4D8F-8FBB-EBC3ED9FB643}.Release|x64.Build.0 = Release|x64
		{C38057D8-CC1F-4D87-B253-087C0BB659B7}.Debug|Any CPU.ActiveCfg = Debug|Any CPU
		{C38057D8-CC1F-4D87-B253-087C0BB659B7}.Debug|Any CPU.Build.0 = Debug|Any CPU
		{C38057D8-CC1F-4D87-B253-087C0BB659B7}.Debug|x64.ActiveCfg = Debug|Any CPU
		{C38057D8-CC1F-4D87-B253-087C0BB659B7}.Debug|x64.Build.0 = Debug|Any CPU
		{C38057D8-CC1F-4D87-B253-087C0BB659B7}.Release|Any CPU.ActiveCfg = Release|Any CPU
		{C38057D8-CC1F-4D87-B253-087C0BB659B7}.Release|Any CPU.Build.0 = Release|Any CPU
		{C38057D8-CC1F-4D87-B253-087C0BB659B7}.Release|x64.ActiveCfg = Release|Any CPU
		{C38057D8-CC1F-4D87-B253-087C0BB659B7}.Release|x64.Build.0 = Release|Any CPU
	EndGlobalSection
	GlobalSection(SolutionProperties) = preSolution
		HideSolutionNode = FALSE
	EndGlobalSection
	GlobalSection(NestedProjects) = preSolution
		{1F4E7EE9-95C2-4C02-B894-48F73095450B} = {138A4E54-6ECE-40DF-8C0E-CD0905B4563D}
		{FC3A425C-085B-4A95-B8D9-70E40E729EE2} = {27FEF0A4-337F-493F-8EB1-AEB808893C6F}
		{79126725-FC1F-4B6E-BC79-7EC37B7AB665} = {B501EA53-330A-4AA0-82B4-20243A92363C}
		{B9A1AC49-85F7-4D2A-A995-F861E586A6BF} = {138A4E54-6ECE-40DF-8C0E-CD0905B4563D}
		{C6E88E04-469C-43BC-BFD1-E09E29BC2C10} = {138A4E54-6ECE-40DF-8C0E-CD0905B4563D}
		{A3410852-F756-4ADA-BFCF-3168B06B3531} = {138A4E54-6ECE-40DF-8C0E-CD0905B4563D}
		{FAA90516-061F-489E-A910-F0251998C0AB} = {8E46C76D-A0A4-4384-ABA5-77983DE839B4}
		{C56C1CCA-B75A-48B9-AA96-F6D601151FF8} = {8E46C76D-A0A4-4384-ABA5-77983DE839B4}
		{664507E2-3EA1-453E-A721-7AA3012FB30B} = {FAA90516-061F-489E-A910-F0251998C0AB}
		{E933558B-4CD5-4EDE-AE38-E215E0797D9D} = {C56C1CCA-B75A-48B9-AA96-F6D601151FF8}
		{73C6ABA3-805C-4181-B11F-FBBAE79C1709} = {8E46C76D-A0A4-4384-ABA5-77983DE839B4}
		{5A6E9843-E9A8-4D8F-8FBB-EBC3ED9FB643} = {73C6ABA3-805C-4181-B11F-FBBAE79C1709}
		{C38057D8-CC1F-4D87-B253-087C0BB659B7} = {73C6ABA3-805C-4181-B11F-FBBAE79C1709}
	EndGlobalSection
	GlobalSection(ExtensibilityGlobals) = postSolution
		SolutionGuid = {920B9A56-71E3-492F-93BD-FA154EF349D2}
	EndGlobalSection
	GlobalSection(NDepend) = preSolution
		Project = ".\EmpowerID.ndproj"
	EndGlobalSection
EndGlobal
